// !$*UTF8*$!
{
	archiveVersion = 1;
	classes = {
	};
	objectVersion = 56;
	objects = {

/* Begin PBXBuildFile section */
		B011C7C829975DA300DAD7A9 /* AppDelegate.swift in Sources */ = {isa = PBXBuildFile; fileRef = B011C7C729975DA300DAD7A9 /* AppDelegate.swift */; };
		B011C7CA29975DA300DAD7A9 /* SceneDelegate.swift in Sources */ = {isa = PBXBuildFile; fileRef = B011C7C929975DA300DAD7A9 /* SceneDelegate.swift */; };
		B011C7CC29975DA300DAD7A9 /* ViewController.swift in Sources */ = {isa = PBXBuildFile; fileRef = B011C7CB29975DA300DAD7A9 /* ViewController.swift */; };
		B011C7CF29975DA300DAD7A9 /* Main.storyboard in Resources */ = {isa = PBXBuildFile; fileRef = B011C7CD29975DA300DAD7A9 /* Main.storyboard */; };
		B011C7D229975DA300DAD7A9 /* CoreDatabase.xcdatamodeld in Sources */ = {isa = PBXBuildFile; fileRef = B011C7D029975DA300DAD7A9 /* CoreDatabase.xcdatamodeld */; };
		B011C7D429975DA500DAD7A9 /* Assets.xcassets in Resources */ = {isa = PBXBuildFile; fileRef = B011C7D329975DA500DAD7A9 /* Assets.xcassets */; };
		B011C7D729975DA500DAD7A9 /* LaunchScreen.storyboard in Resources */ = {isa = PBXBuildFile; fileRef = B011C7D529975DA500DAD7A9 /* LaunchScreen.storyboard */; };
		B011C7E229975DA500DAD7A9 /* CoreDatabaseTests.swift in Sources */ = {isa = PBXBuildFile; fileRef = B011C7E129975DA500DAD7A9 /* CoreDatabaseTests.swift */; };
		B011C7EC29975DA500DAD7A9 /* CoreDatabaseUITests.swift in Sources */ = {isa = PBXBuildFile; fileRef = B011C7EB29975DA500DAD7A9 /* CoreDatabaseUITests.swift */; };
		B011C7EE29975DA500DAD7A9 /* CoreDatabaseUITestsLaunchTests.swift in Sources */ = {isa = PBXBuildFile; fileRef = B011C7ED29975DA500DAD7A9 /* CoreDatabaseUITestsLaunchTests.swift */; };
/* End PBXBuildFile section */

/* Begin PBXContainerItemProxy section */
		B011C7DE29975DA500DAD7A9 /* PBXContainerItemProxy */ = {
			isa = PBXContainerItemProxy;
			containerPortal = B011C7BC29975DA300DAD7A9 /* Project object */;
			proxyType = 1;
			remoteGlobalIDString = B011C7C329975DA300DAD7A9;
			remoteInfo = CoreDatabase;
		};
		B011C7E829975DA500DAD7A9 /* PBXContainerItemProxy */ = {
			isa = PBXContainerItemProxy;
			containerPortal = B011C7BC29975DA300DAD7A9 /* Project object */;
			proxyType = 1;
			remoteGlobalIDString = B011C7C329975DA300DAD7A9;
			remoteInfo = CoreDatabase;
		};
/* End PBXContainerItemProxy section */

/* Begin PBXFileReference section */
		B011C7C429975DA300DAD7A9 /* CoreDatabase.app */ = {isa = PBXFileReference; explicitFileType = wrapper.application; includeInIndex = 0; path = CoreDatabase.app; sourceTree = BUILT_PRODUCTS_DIR; };
		B011C7C729975DA300DAD7A9 /* AppDelegate.swift */ = {isa = PBXFileReference; lastKnownFileType = sourcecode.swift; path = AppDelegate.swift; sourceTree = "<group>"; };
		B011C7C929975DA300DAD7A9 /* SceneDelegate.swift */ = {isa = PBXFileReference; lastKnownFileType = sourcecode.swift; path = SceneDelegate.swift; sourceTree = "<group>"; };
		B011C7CB29975DA300DAD7A9 /* ViewController.swift */ = {isa = PBXFileReference; lastKnownFileType = sourcecode.swift; path = ViewController.swift; sourceTree = "<group>"; };
		B011C7CE29975DA300DAD7A9 /* Base */ = {isa = PBXFileReference; lastKnownFileType = file.storyboard; name = Base; path = Base.lproj/Main.storyboard; sourceTree = "<group>"; };
		B011C7D129975DA300DAD7A9 /* CoreDatabase.xcdatamodel */ = {isa = PBXFileReference; lastKnownFileType = wrapper.xcdatamodel; path = CoreDatabase.xcdatamodel; sourceTree = "<group>"; };
		B011C7D329975DA500DAD7A9 /* Assets.xcassets */ = {isa = PBXFileReference; lastKnownFileType = folder.assetcatalog; path = Assets.xcassets; sourceTree = "<group>"; };
		B011C7D629975DA500DAD7A9 /* Base */ = {isa = PBXFileReference; lastKnownFileType = file.storyboard; name = Base; path = Base.lproj/LaunchScreen.storyboard; sourceTree = "<group>"; };
		B011C7D829975DA500DAD7A9 /* Info.plist */ = {isa = PBXFileReference; lastKnownFileType = text.plist.xml; path = Info.plist; sourceTree = "<group>"; };
		B011C7DD29975DA500DAD7A9 /* CoreDatabaseTests.xctest */ = {isa = PBXFileReference; explicitFileType = wrapper.cfbundle; includeInIndex = 0; path = CoreDatabaseTests.xctest; sourceTree = BUILT_PRODUCTS_DIR; };
		B011C7E129975DA500DAD7A9 /* CoreDatabaseTests.swift */ = {isa = PBXFileReference; lastKnownFileType = sourcecode.swift; path = CoreDatabaseTests.swift; sourceTree = "<group>"; };
		B011C7E729975DA500DAD7A9 /* CoreDatabaseUITests.xctest */ = {isa = PBXFileReference; explicitFileType = wrapper.cfbundle; includeInIndex = 0; path = CoreDatabaseUITests.xctest; sourceTree = BUILT_PRODUCTS_DIR; };
		B011C7EB29975DA500DAD7A9 /* CoreDatabaseUITests.swift */ = {isa = PBXFileReference; lastKnownFileType = sourcecode.swift; path = CoreDatabaseUITests.swift; sourceTree = "<group>"; };
		B011C7ED29975DA500DAD7A9 /* CoreDatabaseUITestsLaunchTests.swift */ = {isa = PBXFileReference; lastKnownFileType = sourcecode.swift; path = CoreDatabaseUITestsLaunchTests.swift; sourceTree = "<group>"; };
/* End PBXFileReference section */

/* Begin PBXFrameworksBuildPhase section */
		B011C7C129975DA300DAD7A9 /* Frameworks */ = {
			isa = PBXFrameworksBuildPhase;
			buildActionMask = 2147483647;
			files = (
			);
			runOnlyForDeploymentPostprocessing = 0;
		};
		B011C7DA29975DA500DAD7A9 /* Frameworks */ = {
			isa = PBXFrameworksBuildPhase;
			buildActionMask = 2147483647;
			files = (
			);
			runOnlyForDeploymentPostprocessing = 0;
		};
		B011C7E429975DA500DAD7A9 /* Frameworks */ = {
			isa = PBXFrameworksBuildPhase;
			buildActionMask = 2147483647;
			files = (
			);
			runOnlyForDeploymentPostprocessing = 0;
		};
/* End PBXFrameworksBuildPhase section */

/* Begin PBXGroup section */
		B011C7BB29975DA300DAD7A9 = {
			isa = PBXGroup;
			children = (
				B011C7C629975DA300DAD7A9 /* CoreDatabase */,
				B011C7E029975DA500DAD7A9 /* CoreDatabaseTests */,
				B011C7EA29975DA500DAD7A9 /* CoreDatabaseUITests */,
				B011C7C529975DA300DAD7A9 /* Products */,
			);
			sourceTree = "<group>";
		};
		B011C7C529975DA300DAD7A9 /* Products */ = {
			isa = PBXGroup;
			children = (
				B011C7C429975DA300DAD7A9 /* CoreDatabase.app */,
				B011C7DD29975DA500DAD7A9 /* CoreDatabaseTests.xctest */,
				B011C7E729975DA500DAD7A9 /* CoreDatabaseUITests.xctest */,
			);
			name = Products;
			sourceTree = "<group>";
		};
		B011C7C629975DA300DAD7A9 /* CoreDatabase */ = {
			isa = PBXGroup;
			children = (
				B011C7C729975DA300DAD7A9 /* AppDelegate.swift */,
				B011C7C929975DA300DAD7A9 /* SceneDelegate.swift */,
				B011C7CB29975DA300DAD7A9 /* ViewController.swift */,
				B011C7CD29975DA300DAD7A9 /* Main.storyboard */,
				B011C7D329975DA500DAD7A9 /* Assets.xcassets */,
				B011C7D529975DA500DAD7A9 /* LaunchScreen.storyboard */,
				B011C7D829975DA500DAD7A9 /* Info.plist */,
				B011C7D029975DA300DAD7A9 /* CoreDatabase.xcdatamodeld */,
			);
			path = CoreDatabase;
			sourceTree = "<group>";
		};
		B011C7E029975DA500DAD7A9 /* CoreDatabaseTests */ = {
			isa = PBXGroup;
			children = (
				B011C7E129975DA500DAD7A9 /* CoreDatabaseTests.swift */,
			);
			path = CoreDatabaseTests;
			sourceTree = "<group>";
		};
		B011C7EA29975DA500DAD7A9 /* CoreDatabaseUITests */ = {
			isa = PBXGroup;
			children = (
				B011C7EB29975DA500DAD7A9 /* CoreDatabaseUITests.swift */,
				B011C7ED29975DA500DAD7A9 /* CoreDatabaseUITestsLaunchTests.swift */,
			);
			path = CoreDatabaseUITests;
			sourceTree = "<group>";
		};
/* End PBXGroup section */

/* Begin PBXNativeTarget section */
		B011C7C329975DA300DAD7A9 /* CoreDatabase */ = {
			isa = PBXNativeTarget;
			buildConfigurationList = B011C7F129975DA500DAD7A9 /* Build configuration list for PBXNativeTarget "CoreDatabase" */;
			buildPhases = (
				B011C7C029975DA300DAD7A9 /* Sources */,
				B011C7C129975DA300DAD7A9 /* Frameworks */,
				B011C7C229975DA300DAD7A9 /* Resources */,
			);
			buildRules = (
			);
			dependencies = (
			);
			name = CoreDatabase;
			productName = CoreDatabase;
			productReference = B011C7C429975DA300DAD7A9 /* CoreDatabase.app */;
			productType = "com.apple.product-type.application";
		};
		B011C7DC29975DA500DAD7A9 /* CoreDatabaseTests */ = {
			isa = PBXNativeTarget;
			buildConfigurationList = B011C7F429975DA500DAD7A9 /* Build configuration list for PBXNativeTarget "CoreDatabaseTests" */;
			buildPhases = (
				B011C7D929975DA500DAD7A9 /* Sources */,
				B011C7DA29975DA500DAD7A9 /* Frameworks */,
				B011C7DB29975DA500DAD7A9 /* Resources */,
			);
			buildRules = (
			);
			dependencies = (
				B011C7DF29975DA500DAD7A9 /* PBXTargetDependency */,
			);
			name = CoreDatabaseTests;
			productName = CoreDatabaseTests;
			productReference = B011C7DD29975DA500DAD7A9 /* CoreDatabaseTests.xctest */;
			productType = "com.apple.product-type.bundle.unit-test";
		};
		B011C7E629975DA500DAD7A9 /* CoreDatabaseUITests */ = {
			isa = PBXNativeTarget;
			buildConfigurationList = B011C7F729975DA500DAD7A9 /* Build configuration list for PBXNativeTarget "CoreDatabaseUITests" */;
			buildPhases = (
				B011C7E329975DA500DAD7A9 /* Sources */,
				B011C7E429975DA500DAD7A9 /* Frameworks */,
				B011C7E529975DA500DAD7A9 /* Resources */,
			);
			buildRules = (
			);
			dependencies = (
				B011C7E929975DA500DAD7A9 /* PBXTargetDependency */,
			);
			name = CoreDatabaseUITests;
			productName = CoreDatabaseUITests;
			productReference = B011C7E729975DA500DAD7A9 /* CoreDatabaseUITests.xctest */;
			productType = "com.apple.product-type.bundle.ui-testing";
		};
/* End PBXNativeTarget section */

/* Begin PBXProject section */
		B011C7BC29975DA300DAD7A9 /* Project object */ = {
			isa = PBXProject;
			attributes = {
				BuildIndependentTargetsInParallel = 1;
				LastSwiftUpdateCheck = 1420;
				LastUpgradeCheck = 1420;
				TargetAttributes = {
					B011C7C329975DA300DAD7A9 = {
						CreatedOnToolsVersion = 14.2;
					};
					B011C7DC29975DA500DAD7A9 = {
						CreatedOnToolsVersion = 14.2;
						TestTargetID = B011C7C329975DA300DAD7A9;
					};
					B011C7E629975DA500DAD7A9 = {
						CreatedOnToolsVersion = 14.2;
						TestTargetID = B011C7C329975DA300DAD7A9;
					};
				};
			};
			buildConfigurationList = B011C7BF29975DA300DAD7A9 /* Build configuration list for PBXProject "CoreDatabase" */;
			compatibilityVersion = "Xcode 14.0";
			developmentRegion = en;
			hasScannedForEncodings = 0;
			knownRegions = (
				en,
				Base,
			);
			mainGroup = B011C7BB29975DA300DAD7A9;
			productRefGroup = B011C7C529975DA300DAD7A9 /* Products */;
			projectDirPath = "";
			projectRoot = "";
			targets = (
				B011C7C329975DA300DAD7A9 /* CoreDatabase */,
				B011C7DC29975DA500DAD7A9 /* CoreDatabaseTests */,
				B011C7E629975DA500DAD7A9 /* CoreDatabaseUITests */,
			);
		};
/* End PBXProject section */

/* Begin PBXResourcesBuildPhase section */
		B011C7C229975DA300DAD7A9 /* Resources */ = {
			isa = PBXResourcesBuildPhase;
			buildActionMask = 2147483647;
			files = (
				B011C7D729975DA500DAD7A9 /* LaunchScreen.storyboard in Resources */,
				B011C7D429975DA500DAD7A9 /* Assets.xcassets in Resources */,
				B011C7CF29975DA300DAD7A9 /* Main.storyboard in Resources */,
			);
			runOnlyForDeploymentPostprocessing = 0;
		};
		B011C7DB29975DA500DAD7A9 /* Resources */ = {
			isa = PBXResourcesBuildPhase;
			buildActionMask = 2147483647;
			files = (
			);
			runOnlyForDeploymentPostprocessing = 0;
		};
		B011C7E529975DA500DAD7A9 /* Resources */ = {
			isa = PBXResourcesBuildPhase;
			buildActionMask = 2147483647;
			files = (
			);
			runOnlyForDeploymentPostprocessing = 0;
		};
/* End PBXResourcesBuildPhase section */

/* Begin PBXSourcesBuildPhase section */
		B011C7C029975DA300DAD7A9 /* Sources */ = {
			isa = PBXSourcesBuildPhase;
			buildActionMask = 2147483647;
			files = (
				B011C7CC29975DA300DAD7A9 /* ViewController.swift in Sources */,
				B011C7C829975DA300DAD7A9 /* AppDelegate.swift in Sources */,
				B011C7CA29975DA300DAD7A9 /* SceneDelegate.swift in Sources */,
				B011C7D229975DA300DAD7A9 /* CoreDatabase.xcdatamodeld in Sources */,
			);
			runOnlyForDeploymentPostprocessing = 0;
		};
		B011C7D929975DA500DAD7A9 /* Sources */ = {
			isa = PBXSourcesBuildPhase;
			buildActionMask = 2147483647;
			files = (
				B011C7E229975DA500DAD7A9 /* CoreDatabaseTests.swift in Sources */,
			);
			runOnlyForDeploymentPostprocessing = 0;
		};
		B011C7E329975DA500DAD7A9 /* Sources */ = {
			isa = PBXSourcesBuildPhase;
			buildActionMask = 2147483647;
			files = (
				B011C7EE29975DA500DAD7A9 /* CoreDatabaseUITestsLaunchTests.swift in Sources */,
				B011C7EC29975DA500DAD7A9 /* CoreDatabaseUITests.swift in Sources */,
			);
			runOnlyForDeploymentPostprocessing = 0;
		};
/* End PBXSourcesBuildPhase section */

/* Begin PBXTargetDependency section */
		B011C7DF29975DA500DAD7A9 /* PBXTargetDependency */ = {
			isa = PBXTargetDependency;
			target = B011C7C329975DA300DAD7A9 /* CoreDatabase */;
			targetProxy = B011C7DE29975DA500DAD7A9 /* PBXContainerItemProxy */;
		};
		B011C7E929975DA500DAD7A9 /* PBXTargetDependency */ = {
			isa = PBXTargetDependency;
			target = B011C7C329975DA300DAD7A9 /* CoreDatabase */;
			targetProxy = B011C7E829975DA500DAD7A9 /* PBXContainerItemProxy */;
		};
/* End PBXTargetDependency section */

/* Begin PBXVariantGroup section */
		B011C7CD29975DA300DAD7A9 /* Main.storyboard */ = {
			isa = PBXVariantGroup;
			children = (
				B011C7CE29975DA300DAD7A9 /* Base */,
			);
			name = Main.storyboard;
			sourceTree = "<group>";
		};
		B011C7D529975DA500DAD7A9 /* LaunchScreen.storyboard */ = {
			isa = PBXVariantGroup;
			children = (
				B011C7D629975DA500DAD7A9 /* Base */,
			);
			name = LaunchScreen.storyboard;
			sourceTree = "<group>";
		};
/* End PBXVariantGroup section */

/* Begin XCBuildConfiguration section */
		B011C7EF29975DA500DAD7A9 /* Debug */ = {
			isa = XCBuildConfiguration;
			buildSettings = {
				ALWAYS_SEARCH_USER_PATHS = NO;
				CLANG_ANALYZER_NONNULL = YES;
				CLANG_ANALYZER_NUMBER_OBJECT_CONVERSION = YES_AGGRESSIVE;
				CLANG_CXX_LANGUAGE_STANDARD = "gnu++20";
				CLANG_ENABLE_MODULES = YES;
				CLANG_ENABLE_OBJC_ARC = YES;
				CLANG_ENABLE_OBJC_WEAK = YES;
				CLANG_WARN_BLOCK_CAPTURE_AUTORELEASING = YES;
				CLANG_WARN_BOOL_CONVERSION = YES;
				CLANG_WARN_COMMA = YES;
				CLANG_WARN_CONSTANT_CONVERSION = YES;
				CLANG_WARN_DEPRECATED_OBJC_IMPLEMENTATIONS = YES;
				CLANG_WARN_DIRECT_OBJC_ISA_USAGE = YES_ERROR;
				CLANG_WARN_DOCUMENTATION_COMMENTS = YES;
				CLANG_WARN_EMPTY_BODY = YES;
				CLANG_WARN_ENUM_CONVERSION = YES;
				CLANG_WARN_INFINITE_RECURSION = YES;
				CLANG_WARN_INT_CONVERSION = YES;
				CLANG_WARN_NON_LITERAL_NULL_CONVERSION = YES;
				CLANG_WARN_OBJC_IMPLICIT_RETAIN_SELF = YES;
				CLANG_WARN_OBJC_LITERAL_CONVERSION = YES;
				CLANG_WARN_OBJC_ROOT_CLASS = YES_ERROR;
				CLANG_WARN_QUOTED_INCLUDE_IN_FRAMEWORK_HEADER = YES;
				CLANG_WARN_RANGE_LOOP_ANALYSIS = YES;
				CLANG_WARN_STRICT_PROTOTYPES = YES;
				CLANG_WARN_SUSPICIOUS_MOVE = YES;
				CLANG_WARN_UNGUARDED_AVAILABILITY = YES_AGGRESSIVE;
				CLANG_WARN_UNREACHABLE_CODE = YES;
				CLANG_WARN__DUPLICATE_METHOD_MATCH = YES;
				COPY_PHASE_STRIP = NO;
				DEBUG_INFORMATION_FORMAT = dwarf;
				ENABLE_STRICT_OBJC_MSGSEND = YES;
				ENABLE_TESTABILITY = YES;
				GCC_C_LANGUAGE_STANDARD = gnu11;
				GCC_DYNAMIC_NO_PIC = NO;
				GCC_NO_COMMON_BLOCKS = YES;
				GCC_OPTIMIZATION_LEVEL = 0;
				GCC_PREPROCESSOR_DEFINITIONS = (
					"DEBUG=1",
					"$(inherited)",
				);
				GCC_WARN_64_TO_32_BIT_CONVERSION = YES;
				GCC_WARN_ABOUT_RETURN_TYPE = YES_ERROR;
				GCC_WARN_UNDECLARED_SELECTOR = YES;
				GCC_WARN_UNINITIALIZED_AUTOS = YES_AGGRESSIVE;
				GCC_WARN_UNUSED_FUNCTION = YES;
				GCC_WARN_UNUSED_VARIABLE = YES;
				IPHONEOS_DEPLOYMENT_TARGET = 16.2;
				MTL_ENABLE_DEBUG_INFO = INCLUDE_SOURCE;
				MTL_FAST_MATH = YES;
				ONLY_ACTIVE_ARCH = YES;
				SDKROOT = iphoneos;
				SWIFT_ACTIVE_COMPILATION_CONDITIONS = DEBUG;
				SWIFT_OPTIMIZATION_LEVEL = "-Onone";
			};
			name = Debug;
		};
		B011C7F029975DA500DAD7A9 /* Release */ = {
			isa = XCBuildConfiguration;
			buildSettings = {
				ALWAYS_SEARCH_USER_PATHS = NO;
				CLANG_ANALYZER_NONNULL = YES;
				CLANG_ANALYZER_NUMBER_OBJECT_CONVERSION = YES_AGGRESSIVE;
				CLANG_CXX_LANGUAGE_STANDARD = "gnu++20";
				CLANG_ENABLE_MODULES = YES;
				CLANG_ENABLE_OBJC_ARC = YES;
				CLANG_ENABLE_OBJC_WEAK = YES;
				CLANG_WARN_BLOCK_CAPTURE_AUTORELEASING = YES;
				CLANG_WARN_BOOL_CONVERSION = YES;
				CLANG_WARN_COMMA = YES;
				CLANG_WARN_CONSTANT_CONVERSION = YES;
				CLANG_WARN_DEPRECATED_OBJC_IMPLEMENTATIONS = YES;
				CLANG_WARN_DIRECT_OBJC_ISA_USAGE = YES_ERROR;
				CLANG_WARN_DOCUMENTATION_COMMENTS = YES;
				CLANG_WARN_EMPTY_BODY = YES;
				CLANG_WARN_ENUM_CONVERSION = YES;
				CLANG_WARN_INFINITE_RECURSION = YES;
				CLANG_WARN_INT_CONVERSION = YES;
				CLANG_WARN_NON_LITERAL_NULL_CONVERSION = YES;
				CLANG_WARN_OBJC_IMPLICIT_RETAIN_SELF = YES;
				CLANG_WARN_OBJC_LITERAL_CONVERSION = YES;
				CLANG_WARN_OBJC_ROOT_CLASS = YES_ERROR;
				CLANG_WARN_QUOTED_INCLUDE_IN_FRAMEWORK_HEADER = YES;
				CLANG_WARN_RANGE_LOOP_ANALYSIS = YES;
				CLANG_WARN_STRICT_PROTOTYPES = YES;
				CLANG_WARN_SUSPICIOUS_MOVE = YES;
				CLANG_WARN_UNGUARDED_AVAILABILITY = YES_AGGRESSIVE;
				CLANG_WARN_UNREACHABLE_CODE = YES;
				CLANG_WARN__DUPLICATE_METHOD_MATCH = YES;
				COPY_PHASE_STRIP = NO;
				DEBUG_INFORMATION_FORMAT = "dwarf-with-dsym";
				ENABLE_NS_ASSERTIONS = NO;
				ENABLE_STRICT_OBJC_MSGSEND = YES;
				GCC_C_LANGUAGE_STANDARD = gnu11;
				GCC_NO_COMMON_BLOCKS = YES;
				GCC_WARN_64_TO_32_BIT_CONVERSION = YES;
				GCC_WARN_ABOUT_RETURN_TYPE = YES_ERROR;
				GCC_WARN_UNDECLARED_SELECTOR = YES;
				GCC_WARN_UNINITIALIZED_AUTOS = YES_AGGRESSIVE;
				GCC_WARN_UNUSED_FUNCTION = YES;
				GCC_WARN_UNUSED_VARIABLE = YES;
				IPHONEOS_DEPLOYMENT_TARGET = 16.2;
				MTL_ENABLE_DEBUG_INFO = NO;
				MTL_FAST_MATH = YES;
				SDKROOT = iphoneos;
				SWIFT_COMPILATION_MODE = wholemodule;
				SWIFT_OPTIMIZATION_LEVEL = "-O";
				VALIDATE_PRODUCT = YES;
			};
			name = Release;
		};
		B011C7F229975DA500DAD7A9 /* Debug */ = {
			isa = XCBuildConfiguration;
			buildSettings = {
				ASSETCATALOG_COMPILER_APPICON_NAME = AppIcon;
				ASSETCATALOG_COMPILER_GLOBAL_ACCENT_COLOR_NAME = AccentColor;
				CODE_SIGN_STYLE = Automatic;
				CURRENT_PROJECT_VERSION = 1;
				GENERATE_INFOPLIST_FILE = YES;
				INFOPLIST_FILE = CoreDatabase/Info.plist;
				INFOPLIST_KEY_UIApplicationSupportsIndirectInputEvents = YES;
				INFOPLIST_KEY_UILaunchStoryboardName = LaunchScreen;
				INFOPLIST_KEY_UIMainStoryboardFile = Main;
				INFOPLIST_KEY_UISupportedInterfaceOrientations_iPad = "UIInterfaceOrientationPortrait UIInterfaceOrientationPortraitUpsideDown UIInterfaceOrientationLandscapeLeft UIInterfaceOrientationLandscapeRight";
				INFOPLIST_KEY_UISupportedInterfaceOrientations_iPhone = "UIInterfaceOrientationPortrait UIInterfaceOrientationLandscapeLeft UIInterfaceOrientationLandscapeRight";
				LD_RUNPATH_SEARCH_PATHS = (
					"$(inherited)",
					"@executable_path/Frameworks",
				);
				MARKETING_VERSION = 1.0;
				PRODUCT_BUNDLE_IDENTIFIER = com.rnw.CoreDatabase;
				PRODUCT_NAME = "$(TARGET_NAME)";
				SWIFT_EMIT_LOC_STRINGS = YES;
				SWIFT_VERSION = 5.0;
				TARGETED_DEVICE_FAMILY = "1,2";
			};
			name = Debug;
		};
		B011C7F329975DA500DAD7A9 /* Release */ = {
			isa = XCBuildConfiguration;
			buildSettings = {
				ASSETCATALOG_COMPILER_APPICON_NAME = AppIcon;
				ASSETCATALOG_COMPILER_GLOBAL_ACCENT_COLOR_NAME = AccentColor;
				CODE_SIGN_STYLE = Automatic;
				CURRENT_PROJECT_VERSION = 1;
				GENERATE_INFOPLIST_FILE = YES;
				INFOPLIST_FILE = CoreDatabase/Info.plist;
				INFOPLIST_KEY_UIApplicationSupportsIndirectInputEvents = YES;
				INFOPLIST_KEY_UILaunchStoryboardName = LaunchScreen;
				INFOPLIST_KEY_UIMainStoryboardFile = Main;
				INFOPLIST_KEY_UISupportedInterfaceOrientations_iPad = "UIInterfaceOrientationPortrait UIInterfaceOrientationPortraitUpsideDown UIInterfaceOrientationLandscapeLeft UIInterfaceOrientationLandscapeRight";
				INFOPLIST_KEY_UISupportedInterfaceOrientations_iPhone = "UIInterfaceOrientationPortrait UIInterfaceOrientationLandscapeLeft UIInterfaceOrientationLandscapeRight";
				LD_RUNPATH_SEARCH_PATHS = (
					"$(inherited)",
					"@executable_path/Frameworks",
				);
				MARKETING_VERSION = 1.0;
				PRODUCT_BUNDLE_IDENTIFIER = com.rnw.CoreDatabase;
				PRODUCT_NAME = "$(TARGET_NAME)";
				SWIFT_EMIT_LOC_STRINGS = YES;
				SWIFT_VERSION = 5.0;
				TARGETED_DEVICE_FAMILY = "1,2";
			};
			name = Release;
		};
		B011C7F529975DA500DAD7A9 /* Debug */ = {
			isa = XCBuildConfiguration;
			buildSettings = {
				ALWAYS_EMBED_SWIFT_STANDARD_LIBRARIES = YES;
				BUNDLE_LOADER = "$(TEST_HOST)";
				CODE_SIGN_STYLE = Automatic;
				CURRENT_PROJECT_VERSION = 1;
				GENERATE_INFOPLIST_FILE = YES;
				IPHONEOS_DEPLOYMENT_TARGET = 16.2;
				MARKETING_VERSION = 1.0;
				PRODUCT_BUNDLE_IDENTIFIER = com.rnw.CoreDatabaseTests;
				PRODUCT_NAME = "$(TARGET_NAME)";
				SWIFT_EMIT_LOC_STRINGS = NO;
				SWIFT_VERSION = 5.0;
				TARGETED_DEVICE_FAMILY = "1,2";
				TEST_HOST = "$(BUILT_PRODUCTS_DIR)/CoreDatabase.app/$(BUNDLE_EXECUTABLE_FOLDER_PATH)/CoreDatabase";
			};
			name = Debug;
		};
		B011C7F629975DA500DAD7A9 /* Release */ = {
			isa = XCBuildConfiguration;
			buildSettings = {
				ALWAYS_EMBED_SWIFT_STANDARD_LIBRARIES = YES;
				BUNDLE_LOADER = "$(TEST_HOST)";
				CODE_SIGN_STYLE = Automatic;
				CURRENT_PROJECT_VERSION = 1;
				GENERATE_INFOPLIST_FILE = YES;
				IPHONEOS_DEPLOYMENT_TARGET = 16.2;
				MARKETING_VERSION = 1.0;
				PRODUCT_BUNDLE_IDENTIFIER = com.rnw.CoreDatabaseTests;
				PRODUCT_NAME = "$(TARGET_NAME)";
				SWIFT_EMIT_LOC_STRINGS = NO;
				SWIFT_VERSION = 5.0;
				TARGETED_DEVICE_FAMILY = "1,2";
				TEST_HOST = "$(BUILT_PRODUCTS_DIR)/CoreDatabase.app/$(BUNDLE_EXECUTABLE_FOLDER_PATH)/CoreDatabase";
			};
			name = Release;
		};
		B011C7F829975DA500DAD7A9 /* Debug */ = {
			isa = XCBuildConfiguration;
			buildSettings = {
				ALWAYS_EMBED_SWIFT_STANDARD_LIBRARIES = YES;
				CODE_SIGN_STYLE = Automatic;
				CURRENT_PROJECT_VERSION = 1;
				GENERATE_INFOPLIST_FILE = YES;
				MARKETING_VERSION = 1.0;
				PRODUCT_BUNDLE_IDENTIFIER = com.rnw.CoreDatabaseUITests;
				PRODUCT_NAME = "$(TARGET_NAME)";
				SWIFT_EMIT_LOC_STRINGS = NO;
				SWIFT_VERSION = 5.0;
				TARGETED_DEVICE_FAMILY = "1,2";
				TEST_TARGET_NAME = CoreDatabase;
			};
			name = Debug;
		};
		B011C7F929975DA500DAD7A9 /* Release */ = {
			isa = XCBuildConfiguration;
			buildSettings = {
				ALWAYS_EMBED_SWIFT_STANDARD_LIBRARIES = YES;
				CODE_SIGN_STYLE = Automatic;
				CURRENT_PROJECT_VERSION = 1;
				GENERATE_INFOPLIST_FILE = YES;
				MARKETING_VERSION = 1.0;
				PRODUCT_BUNDLE_IDENTIFIER = com.rnw.CoreDatabaseUITests;
				PRODUCT_NAME = "$(TARGET_NAME)";
				SWIFT_EMIT_LOC_STRINGS = NO;
				SWIFT_VERSION = 5.0;
				TARGETED_DEVICE_FAMILY = "1,2";
				TEST_TARGET_NAME = CoreDatabase;
			};
			name = Release;
		};
/* End XCBuildConfiguration section */

/* Begin XCConfigurationList section */
		B011C7BF29975DA300DAD7A9 /* Build configuration list for PBXProject "CoreDatabase" */ = {
			isa = XCConfigurationList;
			buildConfigurations = (
				B011C7EF29975DA500DAD7A9 /* Debug */,
				B011C7F029975DA500DAD7A9 /* Release */,
			);
			defaultConfigurationIsVisible = 0;
			defaultConfigurationName = Release;
		};
		B011C7F129975DA500DAD7A9 /* Build configuration list for PBXNativeTarget "CoreDatabase" */ = {
			isa = XCConfigurationList;
			buildConfigurations = (
				B011C7F229975DA500DAD7A9 /* Debug */,
				B011C7F329975DA500DAD7A9 /* Release */,
			);
			defaultConfigurationIsVisible = 0;
			defaultConfigurationName = Release;
		};
		B011C7F429975DA500DAD7A9 /* Build configuration list for PBXNativeTarget "CoreDatabaseTests" */ = {
			isa = XCConfigurationList;
			buildConfigurations = (
				B011C7F529975DA500DAD7A9 /* Debug */,
				B011C7F629975DA500DAD7A9 /* Release */,
			);
			defaultConfigurationIsVisible = 0;
			defaultConfigurationName = Release;
		};
		B011C7F729975DA500DAD7A9 /* Build configuration list for PBXNativeTarget "CoreDatabaseUITests" */ = {
			isa = XCConfigurationList;
			buildConfigurations = (
				B011C7F829975DA500DAD7A9 /* Debug */,
				B011C7F929975DA500DAD7A9 /* Release */,
			);
			defaultConfigurationIsVisible = 0;
			defaultConfigurationName = Release;
		};
/* End XCConfigurationList section */

/* Begin XCVersionGroup section */
		B011C7D029975DA300DAD7A9 /* CoreDatabase.xcdatamodeld */ = {
			isa = XCVersionGroup;
			children = (
				B011C7D129975DA300DAD7A9 /* CoreDatabase.xcdatamodel */,
			);
			currentVersion = B011C7D129975DA300DAD7A9 /* CoreDatabase.xcdatamodel */;
			path = CoreDatabase.xcdatamodeld;
			sourceTree = "<group>";
			versionGroupType = wrapper.xcdatamodel;
		};
/* End XCVersionGroup section */
	};
	rootObject = B011C7BC29975DA300DAD7A9 /* Project object */;
}
